
Microsoft Visual Studio Solution File, Format Version 12.00
# Visual Studio Version 16
VisualStudioVersion = 16.0.31515.178
MinimumVisualStudioVersion = 10.0.40219.1
Project("{9A19103F-16F7-4668-BE54-9A1E7A4F7556}") = "MEATaste", "MeaTaste\MEATaste.csproj", "{44BB9228-33A5-40BB-825F-33892CC8BC45}"
EndProject
Project("{9A19103F-16F7-4668-BE54-9A1E7A4F7556}") = "Tests", "Tests\Tests.csproj", "{FD02DC9F-CAF7-46A8-80C0-547EB6C1FCD8}"
EndProject
Global
	GlobalSection(SolutionConfigurationPlatforms) = preSolution
		Debug|Any CPU = Debug|Any CPU
		Release|Any CPU = Release|Any CPU
	EndGlobalSection
	GlobalSection(ProjectConfigurationPlatforms) = postSolution
		{44BB9228-33A5-40BB-825F-33892CC8BC45}.Debug|Any CPU.ActiveCfg = Debug|Any CPU
		{44BB9228-33A5-40BB-825F-33892CC8BC45}.Debug|Any CPU.Build.0 = Debug|Any CPU
		{44BB9228-33A5-40BB-825F-33892CC8BC45}.Release|Any CPU.ActiveCfg = Release|Any CPU
		{44BB9228-33A5-40BB-825F-33892CC8BC45}.Release|Any CPU.Build.0 = Release|Any CPU
		{FD02DC9F-CAF7-46A8-80C0-547EB6C1FCD8}.Debug|Any CPU.ActiveCfg = Debug|Any CPU
		{FD02DC9F-CAF7-46A8-80C0-547EB6C1FCD8}.Debug|Any CPU.Build.0 = Debug|Any CPU
		{FD02DC9F-CAF7-46A8-80C0-547EB6C1FCD8}.Release|Any CPU.ActiveCfg = Release|Any CPU
		{FD02DC9F-CAF7-46A8-80C0-547EB6C1FCD8}.Release|Any CPU.Build.0 = Release|Any CPU
	EndGlobalSection
	GlobalSection(SolutionProperties) = preSolution
		HideSolutionNode = FALSE
	EndGlobalSection
	GlobalSection(ExtensibilityGlobals) = postSolution
		SolutionGuid = {9371BA5B-0B32-4809-A2F5-06B941F834E6}
	EndGlobalSection
EndGlobal
